
Microsoft Visual Studio Solution File, Format Version 12.00
# Visual Studio Version 16
VisualStudioVersion = 16.0.30225.117
MinimumVisualStudioVersion = 10.0.40219.1
Project("{8BC9CEB8-8B4A-11D0-8D11-00A0C91BC942}") = "C++实验一", "C++实验一.vcxproj", "{147BF8D2-5F34-49EF-8DD7-A570A5CE837D}"
EndProject
Global
	GlobalSection(SolutionConfigurationPlatforms) = preSolution
		Debug|x64 = Debug|x64
		Debug|x86 = Debug|x86
		Release|x64 = Release|x64
		Release|x86 = Release|x86
	EndGlobalSection
	GlobalSection(ProjectConfigurationPlatforms) = postSolution
		{147BF8D2-5F34-49EF-8DD7-A570A5CE837D}.Debug|x64.ActiveCfg = Debug|x64
		{147BF8D2-5F34-49EF-8DD7-A570A5CE837D}.Debug|x64.Build.0 = Debug|x64
		{147BF8D2-5F34-49EF-8DD7-A570A5CE837D}.Debug|x86.ActiveCfg = Debug|Win32
		{147BF8D2-5F34-49EF-8DD7-A570A5CE837D}.Debug|x86.Build.0 = Debug|Win32
		{147BF8D2-5F34-49EF-8DD7-A570A5CE837D}.Release|x64.ActiveCfg = Release|x64
		{147BF8D2-5F34-49EF-8DD7-A570A5CE837D}.Release|x64.Build.0 = Release|x64
		{147BF8D2-5F34-49EF-8DD7-A570A5CE837D}.Release|x86.ActiveCfg = Release|Win32
		{147BF8D2-5F34-49EF-8DD7-A570A5CE837D}.Release|x86.Build.0 = Release|Win32
	EndGlobalSection
	GlobalSection(SolutionProperties) = preSolution
		HideSolutionNode = FALSE
	EndGlobalSection
	GlobalSection(ExtensibilityGlobals) = postSolution
		SolutionGuid = {2A4799E6-FC9F-494C-A8FD-521B3E69AB17}
	EndGlobalSection
EndGlobal
